
Microsoft Visual Studio Solution File, Format Version 12.00
# Visual Studio 15
VisualStudioVersion = 15.0.27703.2018
MinimumVisualStudioVersion = 10.0.40219.1
Project("{9A19103F-16F7-4668-BE54-9A1E7A4F7556}") = "InputManager", "MyLibrary\InputManager.csproj", "{3B8F1388-A878-4F8B-837E-79D6096B189F}"
EndProject
Project("{9A19103F-16F7-4668-BE54-9A1E7A4F7556}") = "Screens", "Screens\Screens.csproj", "{619B681C-0C93-4C52-A8D4-AC1BFB937924}"
EndProject
Project("{9A19103F-16F7-4668-BE54-9A1E7A4F7556}") = "Combat", "Combat\Combat.csproj", "{EDBDDF7E-DDE0-4D9F-834C-7106212D917C}"
EndProject
Project("{9A19103F-16F7-4668-BE54-9A1E7A4F7556}") = "GameData", "GameData\GameData.csproj", "{4664DBB5-310B-4169-84A6-CC8C4B61B0DB}"
EndProject
Project("{FAE04EC0-301F-11D3-BF4B-00C04F79EFBC}") = "BudasevoQuest", "BudasevoQuest\BudasevoQuest.csproj", "{E7B3FCE4-ACBB-4899-AE47-D0D70D092B83}"
EndProject
Global
	GlobalSection(SolutionConfigurationPlatforms) = preSolution
		Debug|Any CPU = Debug|Any CPU
		Release|Any CPU = Release|Any CPU
	EndGlobalSection
	GlobalSection(ProjectConfigurationPlatforms) = postSolution
		{3B8F1388-A878-4F8B-837E-79D6096B189F}.Debug|Any CPU.ActiveCfg = Debug|Any CPU
		{3B8F1388-A878-4F8B-837E-79D6096B189F}.Debug|Any CPU.Build.0 = Debug|Any CPU
		{3B8F1388-A878-4F8B-837E-79D6096B189F}.Release|Any CPU.ActiveCfg = Release|Any CPU
		{3B8F1388-A878-4F8B-837E-79D6096B189F}.Release|Any CPU.Build.0 = Release|Any CPU
		{619B681C-0C93-4C52-A8D4-AC1BFB937924}.Debug|Any CPU.ActiveCfg = Debug|Any CPU
		{619B681C-0C93-4C52-A8D4-AC1BFB937924}.Debug|Any CPU.Build.0 = Debug|Any CPU
		{619B681C-0C93-4C52-A8D4-AC1BFB937924}.Release|Any CPU.ActiveCfg = Release|Any CPU
		{619B681C-0C93-4C52-A8D4-AC1BFB937924}.Release|Any CPU.Build.0 = Release|Any CPU
		{EDBDDF7E-DDE0-4D9F-834C-7106212D917C}.Debug|Any CPU.ActiveCfg = Debug|Any CPU
		{EDBDDF7E-DDE0-4D9F-834C-7106212D917C}.Debug|Any CPU.Build.0 = Debug|Any CPU
		{EDBDDF7E-DDE0-4D9F-834C-7106212D917C}.Release|Any CPU.ActiveCfg = Release|Any CPU
		{EDBDDF7E-DDE0-4D9F-834C-7106212D917C}.Release|Any CPU.Build.0 = Release|Any CPU
		{4664DBB5-310B-4169-84A6-CC8C4B61B0DB}.Debug|Any CPU.ActiveCfg = Debug|Any CPU
		{4664DBB5-310B-4169-84A6-CC8C4B61B0DB}.Debug|Any CPU.Build.0 = Debug|Any CPU
		{4664DBB5-310B-4169-84A6-CC8C4B61B0DB}.Release|Any CPU.ActiveCfg = Release|Any CPU
		{4664DBB5-310B-4169-84A6-CC8C4B61B0DB}.Release|Any CPU.Build.0 = Release|Any CPU
		{E7B3FCE4-ACBB-4899-AE47-D0D70D092B83}.Debug|Any CPU.ActiveCfg = Debug|Any CPU
		{E7B3FCE4-ACBB-4899-AE47-D0D70D092B83}.Debug|Any CPU.Build.0 = Debug|Any CPU
		{E7B3FCE4-ACBB-4899-AE47-D0D70D092B83}.Release|Any CPU.ActiveCfg = Release|Any CPU
		{E7B3FCE4-ACBB-4899-AE47-D0D70D092B83}.Release|Any CPU.Build.0 = Release|Any CPU
	EndGlobalSection
	GlobalSection(SolutionProperties) = preSolution
		HideSolutionNode = FALSE
	EndGlobalSection
	GlobalSection(ExtensibilityGlobals) = postSolution
		SolutionGuid = {E172EAAC-6A47-4680-8F8C-996F35623F6D}
	EndGlobalSection
EndGlobal
